PODS:
  - applovin_max (4.4.0):
    - AppLovinSDK (= 13.2.0)
    - Flutter
  - AppLovinSDK (13.2.0)
  - audioplayers_darwin (0.0.1):
    - Flutter
  - Flutter (1.0.0)
  - flutter_ad_ios_plugins (0.0.1):
    - Flutter
  - flutter_app_lifecycle (0.0.1):
    - Flutter
  - flutter_tba_info (0.0.1):
    - Flutter
  - fluttertoast (0.0.2):
    - Flutter
  - lucky_base (0.0.1):
    - Flutter
  - lucky_p1 (0.0.1):
    - Flutter
  - path_provider_foundation (0.0.1):
    - Flutter
    - FlutterMacOS
  - sqflite_darwin (0.0.4):
    - Flutter
    - FlutterMacOS
  - webview_flutter_wkwebview (0.0.1):
    - Flutter
    - FlutterMacOS

DEPENDENCIES:
  - applovin_max (from `.symlinks/plugins/applovin_max/ios`)
  - audioplayers_darwin (from `.symlinks/plugins/audioplayers_darwin/ios`)
  - Flutter (from `Flutter`)
  - flutter_ad_ios_plugins (from `.symlinks/plugins/flutter_ad_ios_plugins/ios`)
  - flutter_app_lifecycle (from `.symlinks/plugins/flutter_app_lifecycle/ios`)
  - flutter_tba_info (from `.symlinks/plugins/flutter_tba_info/ios`)
  - fluttertoast (from `.symlinks/plugins/fluttertoast/ios`)
  - lucky_base (from `.symlinks/plugins/lucky_base/ios`)
  - lucky_p1 (from `.symlinks/plugins/lucky_p1/ios`)
  - path_provider_foundation (from `.symlinks/plugins/path_provider_foundation/darwin`)
  - sqflite_darwin (from `.symlinks/plugins/sqflite_darwin/darwin`)
  - webview_flutter_wkwebview (from `.symlinks/plugins/webview_flutter_wkwebview/darwin`)

SPEC REPOS:
  trunk:
    - AppLovinSDK

EXTERNAL SOURCES:
  applovin_max:
    :path: ".symlinks/plugins/applovin_max/ios"
  audioplayers_darwin:
    :path: ".symlinks/plugins/audioplayers_darwin/ios"
  Flutter:
    :path: Flutter
  flutter_ad_ios_plugins:
    :path: ".symlinks/plugins/flutter_ad_ios_plugins/ios"
  flutter_app_lifecycle:
    :path: ".symlinks/plugins/flutter_app_lifecycle/ios"
  flutter_tba_info:
    :path: ".symlinks/plugins/flutter_tba_info/ios"
  fluttertoast:
    :path: ".symlinks/plugins/fluttertoast/ios"
  lucky_base:
    :path: ".symlinks/plugins/lucky_base/ios"
  lucky_p1:
    :path: ".symlinks/plugins/lucky_p1/ios"
  path_provider_foundation:
    :path: ".symlinks/plugins/path_provider_foundation/darwin"
  sqflite_darwin:
    :path: ".symlinks/plugins/sqflite_darwin/darwin"
  webview_flutter_wkwebview:
    :path: ".symlinks/plugins/webview_flutter_wkwebview/darwin"

SPEC CHECKSUMS:
  applovin_max: e2274945d7095e662f8e1657ff9cdde6e24df454
  AppLovinSDK: 1eb88a82b4feea9f3696ce9cc1e3343c4997ee12
  audioplayers_darwin: ccf9c770ee768abb07e26d90af093f7bab1c12ab
  Flutter: e0871f40cf51350855a761d2e70bf5af5b9b5de7
  flutter_ad_ios_plugins: 39f145153e9fe06753e9b28fb7b43925ae399a71
  flutter_app_lifecycle: 96f63b433a79e643add0fd0a58eabf1a0877e176
  flutter_tba_info: fce89f2ce0bf3af177f0c88e99b153260bc6a7df
  fluttertoast: 2c67e14dce98bbdb200df9e1acf610d7a6264ea1
  lucky_base: ac222435441dc376a05ec239732f18da97a8cf5c
  lucky_p1: 02c77f2831a3bd20b40f76eef69c30b07ece4a89
  path_provider_foundation: 080d55be775b7414fd5a5ef3ac137b97b097e564
  sqflite_darwin: 20b2a3a3b70e43edae938624ce550a3cbf66a3d0
  webview_flutter_wkwebview: 1821ceac936eba6f7984d89a9f3bcb4dea99ebb2

PODFILE CHECKSUM: cb20b927446a65b7dec7b19ddbd37b1a2fe7390a

COCOAPODS: 1.16.2
